
Microsoft Visual Studio Solution File, Format Version 12.00
# Visual Studio Version 16
VisualStudioVersion = 16.0.31702.278
MinimumVisualStudioVersion = 10.0.40219.1
Project("{FAE04EC0-301F-11D3-BF4B-00C04F79EFBC}") = "mtable2", "mtable2\mtable2.csproj", "{307077C9-F9C8-4508-996D-EB798FE1DFE2}"
EndProject
Project("{FAE04EC0-301F-11D3-BF4B-00C04F79EFBC}") = "szamologep", "szamologep\szamologep.csproj", "{BB805B3F-FE4A-4BB2-85BF-62030AB811B2}"
EndProject
Project("{FAE04EC0-301F-11D3-BF4B-00C04F79EFBC}") = "kopapirollo", "kovfeladat\kopapirollo.csproj", "{742B10D4-BB07-4A1F-91DF-D81F67E31D95}"
EndProject
Project("{FAE04EC0-301F-11D3-BF4B-00C04F79EFBC}") = "20220208_helyettesites", "20220208_helyettesites\20220208_helyettesites.csproj", "{0D61F64B-5F49-4094-BD95-72A1669E2A89}"
EndProject
Project("{FAE04EC0-301F-11D3-BF4B-00C04F79EFBC}") = "20220209_feladat1", "20220209_feladat1\20220209_feladat1.csproj", "{ABE39486-5AD0-4012-99B7-AF9604AEBC9E}"
EndProject
Project("{FAE04EC0-301F-11D3-BF4B-00C04F79EFBC}") = "szamkitalalo", "szamkitalalo\szamkitalalo.csproj", "{AA608A9E-2937-449A-9D54-86791F924BA3}"
EndProject
Project("{FAE04EC0-301F-11D3-BF4B-00C04F79EFBC}") = "teszt", "teszt\teszt.csproj", "{50C4FC47-BC10-46DA-BFC1-48B78187AA48}"
EndProject
Project("{FAE04EC0-301F-11D3-BF4B-00C04F79EFBC}") = "minmaxvalaszto", "minmaxvalaszto\minmaxvalaszto.csproj", "{FD5BD172-A471-41C8-863E-5D9FC4B580ED}"
EndProject
Project("{FAE04EC0-301F-11D3-BF4B-00C04F79EFBC}") = "szigetek", "szigetek\szigetek.csproj", "{CD0F2AE3-896C-471E-89CC-22E073EFBBEF}"
EndProject
Project("{FAE04EC0-301F-11D3-BF4B-00C04F79EFBC}") = "atlagho", "atlagho\atlagho.csproj", "{F4A4CA8A-7955-4044-9CE5-C55316E79D71}"
EndProject
Project("{FAE04EC0-301F-11D3-BF4B-00C04F79EFBC}") = "testtomegindex", "testtomegindex\testtomegindex.csproj", "{6316F965-6E5A-4FAC-82A2-040AC997E54E}"
EndProject
Project("{FAE04EC0-301F-11D3-BF4B-00C04F79EFBC}") = "hianyzasok", "hianyzasok\hianyzasok.csproj", "{4240B118-2BFE-4199-9E86-97CD7A872F07}"
EndProject
Project("{FAE04EC0-301F-11D3-BF4B-00C04F79EFBC}") = "termenyjoslas", "termenyjoslas\termenyjoslas.csproj", "{8E910CC4-4453-4CEA-9CFB-16399F4181E8}"
EndProject
Project("{FAE04EC0-301F-11D3-BF4B-00C04F79EFBC}") = "ponthatarok", "ponthatarok\ponthatarok.csproj", "{F0A2A682-7665-4F1F-A945-682CB5190F81}"
EndProject
Project("{FAE04EC0-301F-11D3-BF4B-00C04F79EFBC}") = "pontoktavolsaga", "pontoktavolsaga\pontoktavolsaga.csproj", "{60675CAD-7177-47AE-84FA-0AE80F6C4AA8}"
EndProject
Project("{FAE04EC0-301F-11D3-BF4B-00C04F79EFBC}") = "dinnye", "dinnye\dinnye.csproj", "{C5393FA3-2461-49BB-93E3-31AEAD1CF9D0}"
EndProject
Project("{FAE04EC0-301F-11D3-BF4B-00C04F79EFBC}") = "csempezes", "csempezes\csempezes.csproj", "{84112C99-8E2D-4FD1-9CFD-69FA2207550C}"
EndProject
Project("{FAE04EC0-301F-11D3-BF4B-00C04F79EFBC}") = "cimletezes", "cimletezes\cimletezes.csproj", "{9E685792-E75F-4E27-A8A6-EC55F1AA83DB}"
EndProject
Project("{FAE04EC0-301F-11D3-BF4B-00C04F79EFBC}") = "dolgozat", "dolgozat\dolgozat.csproj", "{E64767FE-2BCC-4401-9766-88BE03186CE3}"
EndProject
Project("{FAE04EC0-301F-11D3-BF4B-00C04F79EFBC}") = "dolgozat2", "dolgozat2\dolgozat2.csproj", "{B8761154-487B-4712-BFE0-E3B90645EA3F}"
EndProject
Project("{FAE04EC0-301F-11D3-BF4B-00C04F79EFBC}") = "dolgozat3", "dolgozat3\dolgozat3.csproj", "{B982F2C1-8C4A-46ED-8500-6DC0324196F9}"
EndProject
Project("{FAE04EC0-301F-11D3-BF4B-00C04F79EFBC}") = "2dolgozat_1", "2dolgozat_1\2dolgozat_1.csproj", "{ED494E52-FCAC-48C8-A4D8-1E8C53DF2A16}"
EndProject
Project("{FAE04EC0-301F-11D3-BF4B-00C04F79EFBC}") = "2dolgozat_2", "2dolgozat_2\2dolgozat_2.csproj", "{D4220643-B603-45C9-B12F-4DC115CE9C4F}"
EndProject
Project("{FAE04EC0-301F-11D3-BF4B-00C04F79EFBC}") = "2dolgozat_3", "2dolgozat_3\2dolgozat_3.csproj", "{E5B41F04-B412-4D39-9913-8BBA42148A47}"
EndProject
Project("{FAE04EC0-301F-11D3-BF4B-00C04F79EFBC}") = "szamkiiras", "szamkiiras\szamkiiras.csproj", "{C156416C-CAD2-4749-9B8B-280F1971C3CA}"
EndProject
Project("{FAE04EC0-301F-11D3-BF4B-00C04F79EFBC}") = "osztalyok", "osztalyok\osztalyok.csproj", "{6FC71773-E88A-42A4-8F5E-2286AC1FCFC5}"
EndProject
Project("{FAE04EC0-301F-11D3-BF4B-00C04F79EFBC}") = "polimorfizmus", "polimorfizmus\polimorfizmus.csproj", "{BBDD674A-ED37-4D80-A08E-E91AC285EE3E}"
EndProject
Project("{FAE04EC0-301F-11D3-BF4B-00C04F79EFBC}") = "korterker", "korterker\korterker.csproj", "{C68E41D9-31ED-484C-84EC-EB48D37C8C3A}"
EndProject
Project("{FAE04EC0-301F-11D3-BF4B-00C04F79EFBC}") = "vektor", "kovfeladatocska\vektor.csproj", "{0F8F8664-DA54-4B0A-B268-104FC3867891}"
EndProject
Project("{FAE04EC0-301F-11D3-BF4B-00C04F79EFBC}") = "matrixatlo", "matrixatlo\matrixatlo.csproj", "{229E9CBC-7B78-4BBE-97FD-551453B450D3}"
EndProject
Project("{FAE04EC0-301F-11D3-BF4B-00C04F79EFBC}") = "halmazok", "halmazok\halmazok.csproj", "{DC17A0EC-6031-464C-B8CB-5411A06A4C96}"
EndProject
Project("{FAE04EC0-301F-11D3-BF4B-00C04F79EFBC}") = "idojaras", "idojaras\idojaras.csproj", "{16BE28F0-48FC-4099-9605-A55A7E78AE41}"
EndProject
Project("{FAE04EC0-301F-11D3-BF4B-00C04F79EFBC}") = "kivetelkezeles", "kivetelkezeles\kivetelkezeles.csproj", "{D22D74D4-C124-4EFC-BD3D-6397811F9864}"
EndProject
Project("{FAE04EC0-301F-11D3-BF4B-00C04F79EFBC}") = "vektorokkezeles", "vektorokkezeles\vektorokkezeles.csproj", "{288EB56C-33CC-446B-BD2F-06DB254F2DFE}"
EndProject
Project("{FAE04EC0-301F-11D3-BF4B-00C04F79EFBC}") = "Sorozatok", "Sorozatok\Sorozatok.csproj", "{EB58221F-913E-46A7-8CAC-7ADE35F7EF4D}"
EndProject
Project("{FAE04EC0-301F-11D3-BF4B-00C04F79EFBC}") = "Binaris", "Binaris\Binaris.csproj", "{97A24B78-740C-48AD-81D2-A317EFBD051C}"
EndProject
Global
	GlobalSection(SolutionConfigurationPlatforms) = preSolution
		Debug|Any CPU = Debug|Any CPU
		Release|Any CPU = Release|Any CPU
	EndGlobalSection
	GlobalSection(ProjectConfigurationPlatforms) = postSolution
		{307077C9-F9C8-4508-996D-EB798FE1DFE2}.Debug|Any CPU.ActiveCfg = Debug|Any CPU
		{307077C9-F9C8-4508-996D-EB798FE1DFE2}.Debug|Any CPU.Build.0 = Debug|Any CPU
		{307077C9-F9C8-4508-996D-EB798FE1DFE2}.Release|Any CPU.ActiveCfg = Release|Any CPU
		{307077C9-F9C8-4508-996D-EB798FE1DFE2}.Release|Any CPU.Build.0 = Release|Any CPU
		{BB805B3F-FE4A-4BB2-85BF-62030AB811B2}.Debug|Any CPU.ActiveCfg = Debug|Any CPU
		{BB805B3F-FE4A-4BB2-85BF-62030AB811B2}.Debug|Any CPU.Build.0 = Debug|Any CPU
		{BB805B3F-FE4A-4BB2-85BF-62030AB811B2}.Release|Any CPU.ActiveCfg = Release|Any CPU
		{BB805B3F-FE4A-4BB2-85BF-62030AB811B2}.Release|Any CPU.Build.0 = Release|Any CPU
		{742B10D4-BB07-4A1F-91DF-D81F67E31D95}.Debug|Any CPU.ActiveCfg = Debug|Any CPU
		{742B10D4-BB07-4A1F-91DF-D81F67E31D95}.Debug|Any CPU.Build.0 = Debug|Any CPU
		{742B10D4-BB07-4A1F-91DF-D81F67E31D95}.Release|Any CPU.ActiveCfg = Release|Any CPU
		{742B10D4-BB07-4A1F-91DF-D81F67E31D95}.Release|Any CPU.Build.0 = Release|Any CPU
		{0D61F64B-5F49-4094-BD95-72A1669E2A89}.Debug|Any CPU.ActiveCfg = Debug|Any CPU
		{0D61F64B-5F49-4094-BD95-72A1669E2A89}.Debug|Any CPU.Build.0 = Debug|Any CPU
		{0D61F64B-5F49-4094-BD95-72A1669E2A89}.Release|Any CPU.ActiveCfg = Release|Any CPU
		{0D61F64B-5F49-4094-BD95-72A1669E2A89}.Release|Any CPU.Build.0 = Release|Any CPU
		{ABE39486-5AD0-4012-99B7-AF9604AEBC9E}.Debug|Any CPU.ActiveCfg = Debug|Any CPU
		{ABE39486-5AD0-4012-99B7-AF9604AEBC9E}.Debug|Any CPU.Build.0 = Debug|Any CPU
		{ABE39486-5AD0-4012-99B7-AF9604AEBC9E}.Release|Any CPU.ActiveCfg = Release|Any CPU
		{ABE39486-5AD0-4012-99B7-AF9604AEBC9E}.Release|Any CPU.Build.0 = Release|Any CPU
		{AA608A9E-2937-449A-9D54-86791F924BA3}.Debug|Any CPU.ActiveCfg = Debug|Any CPU
		{AA608A9E-2937-449A-9D54-86791F924BA3}.Debug|Any CPU.Build.0 = Debug|Any CPU
		{AA608A9E-2937-449A-9D54-86791F924BA3}.Release|Any CPU.ActiveCfg = Release|Any CPU
		{AA608A9E-2937-449A-9D54-86791F924BA3}.Release|Any CPU.Build.0 = Release|Any CPU
		{50C4FC47-BC10-46DA-BFC1-48B78187AA48}.Debug|Any CPU.ActiveCfg = Debug|Any CPU
		{50C4FC47-BC10-46DA-BFC1-48B78187AA48}.Debug|Any CPU.Build.0 = Debug|Any CPU
		{50C4FC47-BC10-46DA-BFC1-48B78187AA48}.Release|Any CPU.ActiveCfg = Release|Any CPU
		{50C4FC47-BC10-46DA-BFC1-48B78187AA48}.Release|Any CPU.Build.0 = Release|Any CPU
		{FD5BD172-A471-41C8-863E-5D9FC4B580ED}.Debug|Any CPU.ActiveCfg = Debug|Any CPU
		{FD5BD172-A471-41C8-863E-5D9FC4B580ED}.Debug|Any CPU.Build.0 = Debug|Any CPU
		{FD5BD172-A471-41C8-863E-5D9FC4B580ED}.Release|Any CPU.ActiveCfg = Release|Any CPU
		{FD5BD172-A471-41C8-863E-5D9FC4B580ED}.Release|Any CPU.Build.0 = Release|Any CPU
		{CD0F2AE3-896C-471E-89CC-22E073EFBBEF}.Debug|Any CPU.ActiveCfg = Debug|Any CPU
		{CD0F2AE3-896C-471E-89CC-22E073EFBBEF}.Debug|Any CPU.Build.0 = Debug|Any CPU
		{CD0F2AE3-896C-471E-89CC-22E073EFBBEF}.Release|Any CPU.ActiveCfg = Release|Any CPU
		{CD0F2AE3-896C-471E-89CC-22E073EFBBEF}.Release|Any CPU.Build.0 = Release|Any CPU
		{F4A4CA8A-7955-4044-9CE5-C55316E79D71}.Debug|Any CPU.ActiveCfg = Debug|Any CPU
		{F4A4CA8A-7955-4044-9CE5-C55316E79D71}.Debug|Any CPU.Build.0 = Debug|Any CPU
		{F4A4CA8A-7955-4044-9CE5-C55316E79D71}.Release|Any CPU.ActiveCfg = Release|Any CPU
		{F4A4CA8A-7955-4044-9CE5-C55316E79D71}.Release|Any CPU.Build.0 = Release|Any CPU
		{6316F965-6E5A-4FAC-82A2-040AC997E54E}.Debug|Any CPU.ActiveCfg = Debug|Any CPU
		{6316F965-6E5A-4FAC-82A2-040AC997E54E}.Debug|Any CPU.Build.0 = Debug|Any CPU
		{6316F965-6E5A-4FAC-82A2-040AC997E54E}.Release|Any CPU.ActiveCfg = Release|Any CPU
		{6316F965-6E5A-4FAC-82A2-040AC997E54E}.Release|Any CPU.Build.0 = Release|Any CPU
		{4240B118-2BFE-4199-9E86-97CD7A872F07}.Debug|Any CPU.ActiveCfg = Debug|Any CPU
		{4240B118-2BFE-4199-9E86-97CD7A872F07}.Debug|Any CPU.Build.0 = Debug|Any CPU
		{4240B118-2BFE-4199-9E86-97CD7A872F07}.Release|Any CPU.ActiveCfg = Release|Any CPU
		{4240B118-2BFE-4199-9E86-97CD7A872F07}.Release|Any CPU.Build.0 = Release|Any CPU
		{8E910CC4-4453-4CEA-9CFB-16399F4181E8}.Debug|Any CPU.ActiveCfg = Debug|Any CPU
		{8E910CC4-4453-4CEA-9CFB-16399F4181E8}.Debug|Any CPU.Build.0 = Debug|Any CPU
		{8E910CC4-4453-4CEA-9CFB-16399F4181E8}.Release|Any CPU.ActiveCfg = Release|Any CPU
		{8E910CC4-4453-4CEA-9CFB-16399F4181E8}.Release|Any CPU.Build.0 = Release|Any CPU
		{F0A2A682-7665-4F1F-A945-682CB5190F81}.Debug|Any CPU.ActiveCfg = Debug|Any CPU
		{F0A2A682-7665-4F1F-A945-682CB5190F81}.Debug|Any CPU.Build.0 = Debug|Any CPU
		{F0A2A682-7665-4F1F-A945-682CB5190F81}.Release|Any CPU.ActiveCfg = Release|Any CPU
		{F0A2A682-7665-4F1F-A945-682CB5190F81}.Release|Any CPU.Build.0 = Release|Any CPU
		{60675CAD-7177-47AE-84FA-0AE80F6C4AA8}.Debug|Any CPU.ActiveCfg = Debug|Any CPU
		{60675CAD-7177-47AE-84FA-0AE80F6C4AA8}.Debug|Any CPU.Build.0 = Debug|Any CPU
		{60675CAD-7177-47AE-84FA-0AE80F6C4AA8}.Release|Any CPU.ActiveCfg = Release|Any CPU
		{60675CAD-7177-47AE-84FA-0AE80F6C4AA8}.Release|Any CPU.Build.0 = Release|Any CPU
		{C5393FA3-2461-49BB-93E3-31AEAD1CF9D0}.Debug|Any CPU.ActiveCfg = Debug|Any CPU
		{C5393FA3-2461-49BB-93E3-31AEAD1CF9D0}.Debug|Any CPU.Build.0 = Debug|Any CPU
		{C5393FA3-2461-49BB-93E3-31AEAD1CF9D0}.Release|Any CPU.ActiveCfg = Release|Any CPU
		{C5393FA3-2461-49BB-93E3-31AEAD1CF9D0}.Release|Any CPU.Build.0 = Release|Any CPU
		{84112C99-8E2D-4FD1-9CFD-69FA2207550C}.Debug|Any CPU.ActiveCfg = Debug|Any CPU
		{84112C99-8E2D-4FD1-9CFD-69FA2207550C}.Debug|Any CPU.Build.0 = Debug|Any CPU
		{84112C99-8E2D-4FD1-9CFD-69FA2207550C}.Release|Any CPU.ActiveCfg = Release|Any CPU
		{84112C99-8E2D-4FD1-9CFD-69FA2207550C}.Release|Any CPU.Build.0 = Release|Any CPU
		{9E685792-E75F-4E27-A8A6-EC55F1AA83DB}.Debug|Any CPU.ActiveCfg = Debug|Any CPU
		{9E685792-E75F-4E27-A8A6-EC55F1AA83DB}.Debug|Any CPU.Build.0 = Debug|Any CPU
		{9E685792-E75F-4E27-A8A6-EC55F1AA83DB}.Release|Any CPU.ActiveCfg = Release|Any CPU
		{9E685792-E75F-4E27-A8A6-EC55F1AA83DB}.Release|Any CPU.Build.0 = Release|Any CPU
		{E64767FE-2BCC-4401-9766-88BE03186CE3}.Debug|Any CPU.ActiveCfg = Debug|Any CPU
		{E64767FE-2BCC-4401-9766-88BE03186CE3}.Debug|Any CPU.Build.0 = Debug|Any CPU
		{E64767FE-2BCC-4401-9766-88BE03186CE3}.Release|Any CPU.ActiveCfg = Release|Any CPU
		{E64767FE-2BCC-4401-9766-88BE03186CE3}.Release|Any CPU.Build.0 = Release|Any CPU
		{B8761154-487B-4712-BFE0-E3B90645EA3F}.Debug|Any CPU.ActiveCfg = Debug|Any CPU
		{B8761154-487B-4712-BFE0-E3B90645EA3F}.Debug|Any CPU.Build.0 = Debug|Any CPU
		{B8761154-487B-4712-BFE0-E3B90645EA3F}.Release|Any CPU.ActiveCfg = Release|Any CPU
		{B8761154-487B-4712-BFE0-E3B90645EA3F}.Release|Any CPU.Build.0 = Release|Any CPU
		{B982F2C1-8C4A-46ED-8500-6DC0324196F9}.Debug|Any CPU.ActiveCfg = Debug|Any CPU
		{B982F2C1-8C4A-46ED-8500-6DC0324196F9}.Debug|Any CPU.Build.0 = Debug|Any CPU
		{B982F2C1-8C4A-46ED-8500-6DC0324196F9}.Release|Any CPU.ActiveCfg = Release|Any CPU
		{B982F2C1-8C4A-46ED-8500-6DC0324196F9}.Release|Any CPU.Build.0 = Release|Any CPU
		{ED494E52-FCAC-48C8-A4D8-1E8C53DF2A16}.Debug|Any CPU.ActiveCfg = Debug|Any CPU
		{ED494E52-FCAC-48C8-A4D8-1E8C53DF2A16}.Debug|Any CPU.Build.0 = Debug|Any CPU
		{ED494E52-FCAC-48C8-A4D8-1E8C53DF2A16}.Release|Any CPU.ActiveCfg = Release|Any CPU
		{ED494E52-FCAC-48C8-A4D8-1E8C53DF2A16}.Release|Any CPU.Build.0 = Release|Any CPU
		{D4220643-B603-45C9-B12F-4DC115CE9C4F}.Debug|Any CPU.ActiveCfg = Debug|Any CPU
		{D4220643-B603-45C9-B12F-4DC115CE9C4F}.Debug|Any CPU.Build.0 = Debug|Any CPU
		{D4220643-B603-45C9-B12F-4DC115CE9C4F}.Release|Any CPU.ActiveCfg = Release|Any CPU
		{D4220643-B603-45C9-B12F-4DC115CE9C4F}.Release|Any CPU.Build.0 = Release|Any CPU
		{E5B41F04-B412-4D39-9913-8BBA42148A47}.Debug|Any CPU.ActiveCfg = Debug|Any CPU
		{E5B41F04-B412-4D39-9913-8BBA42148A47}.Debug|Any CPU.Build.0 = Debug|Any CPU
		{E5B41F04-B412-4D39-9913-8BBA42148A47}.Release|Any CPU.ActiveCfg = Release|Any CPU
		{E5B41F04-B412-4D39-9913-8BBA42148A47}.Release|Any CPU.Build.0 = Release|Any CPU
		{C156416C-CAD2-4749-9B8B-280F1971C3CA}.Debug|Any CPU.ActiveCfg = Debug|Any CPU
		{C156416C-CAD2-4749-9B8B-280F1971C3CA}.Debug|Any CPU.Build.0 = Debug|Any CPU
		{C156416C-CAD2-4749-9B8B-280F1971C3CA}.Release|Any CPU.ActiveCfg = Release|Any CPU
		{C156416C-CAD2-4749-9B8B-280F1971C3CA}.Release|Any CPU.Build.0 = Release|Any CPU
		{6FC71773-E88A-42A4-8F5E-2286AC1FCFC5}.Debug|Any CPU.ActiveCfg = Debug|Any CPU
		{6FC71773-E88A-42A4-8F5E-2286AC1FCFC5}.Debug|Any CPU.Build.0 = Debug|Any CPU
		{6FC71773-E88A-42A4-8F5E-2286AC1FCFC5}.Release|Any CPU.ActiveCfg = Release|Any CPU
		{6FC71773-E88A-42A4-8F5E-2286AC1FCFC5}.Release|Any CPU.Build.0 = Release|Any CPU
		{BBDD674A-ED37-4D80-A08E-E91AC285EE3E}.Debug|Any CPU.ActiveCfg = Debug|Any CPU
		{BBDD674A-ED37-4D80-A08E-E91AC285EE3E}.Debug|Any CPU.Build.0 = Debug|Any CPU
		{BBDD674A-ED37-4D80-A08E-E91AC285EE3E}.Release|Any CPU.ActiveCfg = Release|Any CPU
		{BBDD674A-ED37-4D80-A08E-E91AC285EE3E}.Release|Any CPU.Build.0 = Release|Any CPU
		{C68E41D9-31ED-484C-84EC-EB48D37C8C3A}.Debug|Any CPU.ActiveCfg = Debug|Any CPU
		{C68E41D9-31ED-484C-84EC-EB48D37C8C3A}.Debug|Any CPU.Build.0 = Debug|Any CPU
		{C68E41D9-31ED-484C-84EC-EB48D37C8C3A}.Release|Any CPU.ActiveCfg = Release|Any CPU
		{C68E41D9-31ED-484C-84EC-EB48D37C8C3A}.Release|Any CPU.Build.0 = Release|Any CPU
		{0F8F8664-DA54-4B0A-B268-104FC3867891}.Debug|Any CPU.ActiveCfg = Debug|Any CPU
		{0F8F8664-DA54-4B0A-B268-104FC3867891}.Debug|Any CPU.Build.0 = Debug|Any CPU
		{0F8F8664-DA54-4B0A-B268-104FC3867891}.Release|Any CPU.ActiveCfg = Release|Any CPU
		{0F8F8664-DA54-4B0A-B268-104FC3867891}.Release|Any CPU.Build.0 = Release|Any CPU
		{229E9CBC-7B78-4BBE-97FD-551453B450D3}.Debug|Any CPU.ActiveCfg = Debug|Any CPU
		{229E9CBC-7B78-4BBE-97FD-551453B450D3}.Debug|Any CPU.Build.0 = Debug|Any CPU
		{229E9CBC-7B78-4BBE-97FD-551453B450D3}.Release|Any CPU.ActiveCfg = Release|Any CPU
		{229E9CBC-7B78-4BBE-97FD-551453B450D3}.Release|Any CPU.Build.0 = Release|Any CPU
		{DC17A0EC-6031-464C-B8CB-5411A06A4C96}.Debug|Any CPU.ActiveCfg = Debug|Any CPU
		{DC17A0EC-6031-464C-B8CB-5411A06A4C96}.Debug|Any CPU.Build.0 = Debug|Any CPU
		{DC17A0EC-6031-464C-B8CB-5411A06A4C96}.Release|Any CPU.ActiveCfg = Release|Any CPU
		{DC17A0EC-6031-464C-B8CB-5411A06A4C96}.Release|Any CPU.Build.0 = Release|Any CPU
		{16BE28F0-48FC-4099-9605-A55A7E78AE41}.Debug|Any CPU.ActiveCfg = Debug|Any CPU
		{16BE28F0-48FC-4099-9605-A55A7E78AE41}.Debug|Any CPU.Build.0 = Debug|Any CPU
		{16BE28F0-48FC-4099-9605-A55A7E78AE41}.Release|Any CPU.ActiveCfg = Release|Any CPU
		{16BE28F0-48FC-4099-9605-A55A7E78AE41}.Release|Any CPU.Build.0 = Release|Any CPU
		{D22D74D4-C124-4EFC-BD3D-6397811F9864}.Debug|Any CPU.ActiveCfg = Debug|Any CPU
		{D22D74D4-C124-4EFC-BD3D-6397811F9864}.Debug|Any CPU.Build.0 = Debug|Any CPU
		{D22D74D4-C124-4EFC-BD3D-6397811F9864}.Release|Any CPU.ActiveCfg = Release|Any CPU
		{D22D74D4-C124-4EFC-BD3D-6397811F9864}.Release|Any CPU.Build.0 = Release|Any CPU
		{288EB56C-33CC-446B-BD2F-06DB254F2DFE}.Debug|Any CPU.ActiveCfg = Debug|Any CPU
		{288EB56C-33CC-446B-BD2F-06DB254F2DFE}.Debug|Any CPU.Build.0 = Debug|Any CPU
		{288EB56C-33CC-446B-BD2F-06DB254F2DFE}.Release|Any CPU.ActiveCfg = Release|Any CPU
		{288EB56C-33CC-446B-BD2F-06DB254F2DFE}.Release|Any CPU.Build.0 = Release|Any CPU
		{EB58221F-913E-46A7-8CAC-7ADE35F7EF4D}.Debug|Any CPU.ActiveCfg = Debug|Any CPU
		{EB58221F-913E-46A7-8CAC-7ADE35F7EF4D}.Debug|Any CPU.Build.0 = Debug|Any CPU
		{EB58221F-913E-46A7-8CAC-7ADE35F7EF4D}.Release|Any CPU.ActiveCfg = Release|Any CPU
		{EB58221F-913E-46A7-8CAC-7ADE35F7EF4D}.Release|Any CPU.Build.0 = Release|Any CPU
		{97A24B78-740C-48AD-81D2-A317EFBD051C}.Debug|Any CPU.ActiveCfg = Debug|Any CPU
		{97A24B78-740C-48AD-81D2-A317EFBD051C}.Debug|Any CPU.Build.0 = Debug|Any CPU
		{97A24B78-740C-48AD-81D2-A317EFBD051C}.Release|Any CPU.ActiveCfg = Release|Any CPU
		{97A24B78-740C-48AD-81D2-A317EFBD051C}.Release|Any CPU.Build.0 = Release|Any CPU
	EndGlobalSection
	GlobalSection(SolutionProperties) = preSolution
		HideSolutionNode = FALSE
	EndGlobalSection
	GlobalSection(ExtensibilityGlobals) = postSolution
		SolutionGuid = {3DAF008A-341E-4855-8549-69BB586FD0D1}
	EndGlobalSection
EndGlobal
