
Microsoft Visual Studio Solution File, Format Version 12.00
# Visual Studio Version 16
VisualStudioVersion = 16.0.31702.278
MinimumVisualStudioVersion = 10.0.40219.1
Project("{FAE04EC0-301F-11D3-BF4B-00C04F79EFBC}") = "mtable2", "mtable2\mtable2.csproj", "{307077C9-F9C8-4508-996D-EB798FE1DFE2}"
EndProject
Project("{FAE04EC0-301F-11D3-BF4B-00C04F79EFBC}") = "szamologep", "szamologep\szamologep.csproj", "{BB805B3F-FE4A-4BB2-85BF-62030AB811B2}"
EndProject
Project("{FAE04EC0-301F-11D3-BF4B-00C04F79EFBC}") = "kopapirollo", "kovfeladat\kopapirollo.csproj", "{742B10D4-BB07-4A1F-91DF-D81F67E31D95}"
EndProject
Project("{FAE04EC0-301F-11D3-BF4B-00C04F79EFBC}") = "20220208_helyettesites", "20220208_helyettesites\20220208_helyettesites.csproj", "{0D61F64B-5F49-4094-BD95-72A1669E2A89}"
EndProject
Project("{FAE04EC0-301F-11D3-BF4B-00C04F79EFBC}") = "20220209_feladat1", "20220209_feladat1\20220209_feladat1.csproj", "{ABE39486-5AD0-4012-99B7-AF9604AEBC9E}"
EndProject
Project("{FAE04EC0-301F-11D3-BF4B-00C04F79EFBC}") = "szamkitalalo", "szamkitalalo\szamkitalalo.csproj", "{AA608A9E-2937-449A-9D54-86791F924BA3}"
EndProject
Project("{FAE04EC0-301F-11D3-BF4B-00C04F79EFBC}") = "teszt", "teszt\teszt.csproj", "{50C4FC47-BC10-46DA-BFC1-48B78187AA48}"
EndProject
Project("{FAE04EC0-301F-11D3-BF4B-00C04F79EFBC}") = "minmaxvalaszto", "minmaxvalaszto\minmaxvalaszto.csproj", "{FD5BD172-A471-41C8-863E-5D9FC4B580ED}"
EndProject
Project("{FAE04EC0-301F-11D3-BF4B-00C04F79EFBC}") = "szigetek", "szigetek\szigetek.csproj", "{CD0F2AE3-896C-471E-89CC-22E073EFBBEF}"
EndProject
Project("{FAE04EC0-301F-11D3-BF4B-00C04F79EFBC}") = "atlagho", "atlagho\atlagho.csproj", "{F4A4CA8A-7955-4044-9CE5-C55316E79D71}"
EndProject
Project("{FAE04EC0-301F-11D3-BF4B-00C04F79EFBC}") = "testtomegindex", "testtomegindex\testtomegindex.csproj", "{6316F965-6E5A-4FAC-82A2-040AC997E54E}"
EndProject
Project("{FAE04EC0-301F-11D3-BF4B-00C04F79EFBC}") = "hianyzasok", "hianyzasok\hianyzasok.csproj", "{4240B118-2BFE-4199-9E86-97CD7A872F07}"
EndProject
Project("{FAE04EC0-301F-11D3-BF4B-00C04F79EFBC}") = "termenyjoslas", "termenyjoslas\termenyjoslas.csproj", "{8E910CC4-4453-4CEA-9CFB-16399F4181E8}"
EndProject
Project("{FAE04EC0-301F-11D3-BF4B-00C04F79EFBC}") = "ponthatarok", "ponthatarok\ponthatarok.csproj", "{F0A2A682-7665-4F1F-A945-682CB5190F81}"
EndProject
Project("{FAE04EC0-301F-11D3-BF4B-00C04F79EFBC}") = "pontoktavolsaga", "pontoktavolsaga\pontoktavolsaga.csproj", "{60675CAD-7177-47AE-84FA-0AE80F6C4AA8}"
EndProject
Project("{FAE04EC0-301F-11D3-BF4B-00C04F79EFBC}") = "dinnye", "dinnye\dinnye.csproj", "{C5393FA3-2461-49BB-93E3-31AEAD1CF9D0}"
EndProject
Project("{FAE04EC0-301F-11D3-BF4B-00C04F79EFBC}") = "csempezes", "csempezes\csempezes.csproj", "{84112C99-8E2D-4FD1-9CFD-69FA2207550C}"
EndProject
Project("{FAE04EC0-301F-11D3-BF4B-00C04F79EFBC}") = "cimletezes", "cimletezes\cimletezes.csproj", "{9E685792-E75F-4E27-A8A6-EC55F1AA83DB}"
EndProject
Project("{FAE04EC0-301F-11D3-BF4B-00C04F79EFBC}") = "dolgozat", "dolgozat\dolgozat.csproj", "{E64767FE-2BCC-4401-9766-88BE03186CE3}"
EndProject
Project("{FAE04EC0-301F-11D3-BF4B-00C04F79EFBC}") = "dolgozat2", "dolgozat2\dolgozat2.csproj", "{B8761154-487B-4712-BFE0-E3B90645EA3F}"
EndProject
Project("{FAE04EC0-301F-11D3-BF4B-00C04F79EFBC}") = "dolgozat3", "dolgozat3\dolgozat3.csproj", "{B982F2C1-8C4A-46ED-8500-6DC0324196F9}"
EndProject
Project("{FAE04EC0-301F-11D3-BF4B-00C04F79EFBC}") = "2dolgozat_1", "2dolgozat_1\2dolgozat_1.csproj", "{ED494E52-FCAC-48C8-A4D8-1E8C53DF2A16}"
EndProject
Project("{FAE04EC0-301F-11D3-BF4B-00C04F79EFBC}") = "2dolgozat_2", "2dolgozat_2\2dolgozat_2.csproj", "{D4220643-B603-45C9-B12F-4DC115CE9C4F}"
EndProject
Project("{FAE04EC0-301F-11D3-BF4B-00C04F79EFBC}") = "2dolgozat_3", "2dolgozat_3\2dolgozat_3.csproj", "{E5B41F04-B412-4D39-9913-8BBA42148A47}"
EndProject
Project("{FAE04EC0-301F-11D3-BF4B-00C04F79EFBC}") = "szamkiiras", "szamkiiras\szamkiiras.csproj", "{C156416C-CAD2-4749-9B8B-280F1971C3CA}"
EndProject
Project("{FAE04EC0-301F-11D3-BF4B-00C04F79EFBC}") = "osztalyok", "osztalyok\osztalyok.csproj", "{6FC71773-E88A-42A4-8F5E-2286AC1FCFC5}"
EndProject
Project("{FAE04EC0-301F-11D3-BF4B-00C04F79EFBC}") = "polimorfizmus", "polimorfizmus\polimorfizmus.csproj", "{BBDD674A-ED37-4D80-A08E-E91AC285EE3E}"
EndProject
Project("{FAE04EC0-301F-11D3-BF4B-00C04F79EFBC}") = "korterker", "korterker\korterker.csproj", "{C68E41D9-31ED-484C-84EC-EB48D37C8C3A}"
EndProject
Project("{FAE04EC0-301F-11D3-BF4B-00C04F79EFBC}") = "vektor", "kovfeladatocska\vektor.csproj", "{0F8F8664-DA54-4B0A-B268-104FC3867891}"
EndProject
Project("{FAE04EC0-301F-11D3-BF4B-00C04F79EFBC}") = "matrixatlo", "matrixatlo\matrixatlo.csproj", "{229E9CBC-7B78-4BBE-97FD-551453B450D3}"
EndProject
Project("{FAE04EC0-301F-11D3-BF4B-00C04F79EFBC}") = "halmazok", "halmazok\halmazok.csproj", "{DC17A0EC-6031-464C-B8CB-5411A06A4C96}"
EndProject
Project("{FAE04EC0-301F-11D3-BF4B-00C04F79EFBC}") = "idojaras", "idojaras\idojaras.csproj", "{16BE28F0-48FC-4099-9605-A55A7E78AE41}"
EndProject
Project("{FAE04EC0-301F-11D3-BF4B-00C04F79EFBC}") = "kivetelkezeles", "kivetelkezeles\kivetelkezeles.csproj", "{D22D74D4-C124-4EFC-BD3D-6397811F9864}"
EndProject
Project("{FAE04EC0-301F-11D3-BF4B-00C04F79EFBC}") = "vektorokkezeles", "vektorokkezeles\vektorokkezeles.csproj", "{288EB56C-33CC-446B-BD2F-06DB254F2DFE}"
EndProject
Project("{FAE04EC0-301F-11D3-BF4B-00C04F79EFBC}") = "Sorozatok", "Sorozatok\Sorozatok.csproj", "{EB58221F-913E-46A7-8CAC-7ADE35F7EF4D}"
EndProject
Project("{FAE04EC0-301F-11D3-BF4B-00C04F79EFBC}") = "Binaris", "Binaris\Binaris.csproj", "{97A24B78-740C-48AD-81D2-A317EFBD051C}"
EndProject
Project("{FAE04EC0-301F-11D3-BF4B-00C04F79EFBC}") = "Lotto", "Lotto\Lotto.csproj", "{EFA7B4A9-120C-470D-B0ED-758C752F984A}"
EndProject
Project("{FAE04EC0-301F-11D3-BF4B-00C04F79EFBC}") = "Menu", "Menu\Menu.csproj", "{E89E9974-8DC0-4205-B47B-9AA3C60F1B92}"
EndProject
Project("{FAE04EC0-301F-11D3-BF4B-00C04F79EFBC}") = "Kettes", "Kettes\Kettes.csproj", "{AD6AB41D-B566-45B6-ABE9-4AD3EE0EAA50}"
EndProject
Project("{FAE04EC0-301F-11D3-BF4B-00C04F79EFBC}") = "Szamrendszer", "Szamrendszer\Szamrendszer.csproj", "{5C6D317D-2C73-4865-AE93-C46D83114F1E}"
EndProject
Project("{FAE04EC0-301F-11D3-BF4B-00C04F79EFBC}") = "Palindrom", "Palindrom\Palindrom.csproj", "{ACFEE41E-306B-41B8-A14B-EE9D3926B0DA}"
EndProject
Project("{FAE04EC0-301F-11D3-BF4B-00C04F79EFBC}") = "Tukor", "Tukor\Tukor.csproj", "{DFAA80D2-02F1-48FB-85E9-890CB3D20661}"
EndProject
Project("{FAE04EC0-301F-11D3-BF4B-00C04F79EFBC}") = "Nullak", "Nullak\Nullak.csproj", "{C4052A9C-A504-4CE6-9A73-19DAEC6E4970}"
EndProject
Project("{FAE04EC0-301F-11D3-BF4B-00C04F79EFBC}") = "Fibonacci", "Fibonacci\Fibonacci.csproj", "{67AB3A1B-D9D5-4789-86E8-028B3CE8F2F5}"
EndProject
Project("{FAE04EC0-301F-11D3-BF4B-00C04F79EFBC}") = "vezersakk", "vezersakk\vezersakk.csproj", "{72F9790F-BB0A-40C0-98E2-14F22B5A868F}"
EndProject
Project("{FAE04EC0-301F-11D3-BF4B-00C04F79EFBC}") = "Listak", "Listak\Listak.csproj", "{0087223E-94A2-40FF-8DA2-0F40690EBF59}"
EndProject
Project("{FAE04EC0-301F-11D3-BF4B-00C04F79EFBC}") = "Elagazas", "Elagazas\Elagazas.csproj", "{7F9CB3EB-3673-49A5-AA8F-8F1654913BEF}"
EndProject
Project("{FAE04EC0-301F-11D3-BF4B-00C04F79EFBC}") = "ForAndForeach", "ForAndForeach\ForAndForeach.csproj", "{8C5517C4-BCD8-4A39-BC61-55AC8EF6E59F}"
EndProject
Project("{FAE04EC0-301F-11D3-BF4B-00C04F79EFBC}") = "MatrixBill", "MatrixBill\MatrixBill.csproj", "{35DED3E3-7FBA-4FD2-9F06-1E2DF96111B2}"
EndProject
Project("{FAE04EC0-301F-11D3-BF4B-00C04F79EFBC}") = "MatrixBill2", "MatrixBill2\MatrixBill2.csproj", "{42BA4B4B-3B42-4B76-8C3F-B8B296CDDBEC}"
EndProject
Project("{FAE04EC0-301F-11D3-BF4B-00C04F79EFBC}") = "MatrixBill3", "MatrixBill3\MatrixBill3.csproj", "{C6C5F804-4E39-4A8E-924E-9379F5C40198}"
EndProject
Project("{FAE04EC0-301F-11D3-BF4B-00C04F79EFBC}") = "Matrix4", "Matrix4\Matrix4.csproj", "{37CC64F6-FC35-412A-B49A-DCE4DCBC0902}"
EndProject
Project("{FAE04EC0-301F-11D3-BF4B-00C04F79EFBC}") = "Teszt_ujanyag_unitteszt", "Teszt_ujanyag_unitteszt\Teszt_ujanyag_unitteszt.csproj", "{8C1639A0-6CB4-454A-BADF-63EF3F35CFE3}"
EndProject
Project("{FAE04EC0-301F-11D3-BF4B-00C04F79EFBC}") = "Teszt_ujanyag", "Teszt_ujanyag\Teszt_ujanyag.csproj", "{A8C089FF-E120-49CB-9669-62FAEB13C3E8}"
EndProject
Project("{FAE04EC0-301F-11D3-BF4B-00C04F79EFBC}") = "Negyszog", "Negyszog\Negyszog.csproj", "{25CFCD43-50EA-4B2F-8B1C-E21134076C0C}"
EndProject
Project("{FAE04EC0-301F-11D3-BF4B-00C04F79EFBC}") = "oszthato", "oszthato\oszthato.csproj", "{64510430-2B51-43A0-BE48-ADABCA10B5FB}"
EndProject
Project("{FAE04EC0-301F-11D3-BF4B-00C04F79EFBC}") = "oszthatoTest", "oszthatoTest\oszthatoTest.csproj", "{26EA09A9-3C0C-49CF-8B73-3B51BFD4A058}"
EndProject
Project("{FAE04EC0-301F-11D3-BF4B-00C04F79EFBC}") = "tipusellenorzes", "tipusellenorzes\tipusellenorzes.csproj", "{5E4E07A4-25F3-498D-BD71-99369F96A22C}"
EndProject
Project("{FAE04EC0-301F-11D3-BF4B-00C04F79EFBC}") = "2022_05_16_Varosok", "2022_05_16_Varosok\2022_05_16_Varosok.csproj", "{7BDEEE84-5BC3-4363-A23B-68896FBD605B}"
EndProject
Project("{FAE04EC0-301F-11D3-BF4B-00C04F79EFBC}") = "Henger", "Henger\Henger.csproj", "{3537AFDF-4D0C-43FA-B455-13DE22E532BC}"
EndProject
Project("{FAE04EC0-301F-11D3-BF4B-00C04F79EFBC}") = "TesztHenger", "TesztHenger\TesztHenger.csproj", "{E8AE8054-A824-49AF-9980-6ACA6E9ADFB9}"
EndProject
Project("{FAE04EC0-301F-11D3-BF4B-00C04F79EFBC}") = "binarisTeszt", "binarisTeszt\binarisTeszt.csproj", "{F426409D-5FDA-40F7-925F-E72CECD4CF1E}"
EndProject
Project("{FAE04EC0-301F-11D3-BF4B-00C04F79EFBC}") = "KettesTeszt", "KettesTeszt\KettesTeszt.csproj", "{6364C0C5-28E3-4131-97E2-FCFE73E072B3}"
EndProject
Project("{FAE04EC0-301F-11D3-BF4B-00C04F79EFBC}") = "FibonacciTeszt", "FibonacciTeszt\FibonacciTeszt.csproj", "{BE0E4244-CF77-47D4-893A-E0FD978E0826}"
EndProject
Project("{FAE04EC0-301F-11D3-BF4B-00C04F79EFBC}") = "friendsData", "friendsData\friendsData.csproj", "{86CB6976-0C16-42D5-A7FB-270C70662C8D}"
EndProject
Project("{FAE04EC0-301F-11D3-BF4B-00C04F79EFBC}") = "AutoList", "AutoList\AutoList.csproj", "{2B7711EC-6249-4B4F-ACD7-653999887547}"
EndProject
Global
	GlobalSection(SolutionConfigurationPlatforms) = preSolution
		Debug|Any CPU = Debug|Any CPU
		Release|Any CPU = Release|Any CPU
	EndGlobalSection
	GlobalSection(ProjectConfigurationPlatforms) = postSolution
		{307077C9-F9C8-4508-996D-EB798FE1DFE2}.Debug|Any CPU.ActiveCfg = Debug|Any CPU
		{307077C9-F9C8-4508-996D-EB798FE1DFE2}.Debug|Any CPU.Build.0 = Debug|Any CPU
		{307077C9-F9C8-4508-996D-EB798FE1DFE2}.Release|Any CPU.ActiveCfg = Release|Any CPU
		{307077C9-F9C8-4508-996D-EB798FE1DFE2}.Release|Any CPU.Build.0 = Release|Any CPU
		{BB805B3F-FE4A-4BB2-85BF-62030AB811B2}.Debug|Any CPU.ActiveCfg = Debug|Any CPU
		{BB805B3F-FE4A-4BB2-85BF-62030AB811B2}.Debug|Any CPU.Build.0 = Debug|Any CPU
		{BB805B3F-FE4A-4BB2-85BF-62030AB811B2}.Release|Any CPU.ActiveCfg = Release|Any CPU
		{BB805B3F-FE4A-4BB2-85BF-62030AB811B2}.Release|Any CPU.Build.0 = Release|Any CPU
		{742B10D4-BB07-4A1F-91DF-D81F67E31D95}.Debug|Any CPU.ActiveCfg = Debug|Any CPU
		{742B10D4-BB07-4A1F-91DF-D81F67E31D95}.Debug|Any CPU.Build.0 = Debug|Any CPU
		{742B10D4-BB07-4A1F-91DF-D81F67E31D95}.Release|Any CPU.ActiveCfg = Release|Any CPU
		{742B10D4-BB07-4A1F-91DF-D81F67E31D95}.Release|Any CPU.Build.0 = Release|Any CPU
		{0D61F64B-5F49-4094-BD95-72A1669E2A89}.Debug|Any CPU.ActiveCfg = Debug|Any CPU
		{0D61F64B-5F49-4094-BD95-72A1669E2A89}.Debug|Any CPU.Build.0 = Debug|Any CPU
		{0D61F64B-5F49-4094-BD95-72A1669E2A89}.Release|Any CPU.ActiveCfg = Release|Any CPU
		{0D61F64B-5F49-4094-BD95-72A1669E2A89}.Release|Any CPU.Build.0 = Release|Any CPU
		{ABE39486-5AD0-4012-99B7-AF9604AEBC9E}.Debug|Any CPU.ActiveCfg = Debug|Any CPU
		{ABE39486-5AD0-4012-99B7-AF9604AEBC9E}.Debug|Any CPU.Build.0 = Debug|Any CPU
		{ABE39486-5AD0-4012-99B7-AF9604AEBC9E}.Release|Any CPU.ActiveCfg = Release|Any CPU
		{ABE39486-5AD0-4012-99B7-AF9604AEBC9E}.Release|Any CPU.Build.0 = Release|Any CPU
		{AA608A9E-2937-449A-9D54-86791F924BA3}.Debug|Any CPU.ActiveCfg = Debug|Any CPU
		{AA608A9E-2937-449A-9D54-86791F924BA3}.Debug|Any CPU.Build.0 = Debug|Any CPU
		{AA608A9E-2937-449A-9D54-86791F924BA3}.Release|Any CPU.ActiveCfg = Release|Any CPU
		{AA608A9E-2937-449A-9D54-86791F924BA3}.Release|Any CPU.Build.0 = Release|Any CPU
		{50C4FC47-BC10-46DA-BFC1-48B78187AA48}.Debug|Any CPU.ActiveCfg = Debug|Any CPU
		{50C4FC47-BC10-46DA-BFC1-48B78187AA48}.Debug|Any CPU.Build.0 = Debug|Any CPU
		{50C4FC47-BC10-46DA-BFC1-48B78187AA48}.Release|Any CPU.ActiveCfg = Release|Any CPU
		{50C4FC47-BC10-46DA-BFC1-48B78187AA48}.Release|Any CPU.Build.0 = Release|Any CPU
		{FD5BD172-A471-41C8-863E-5D9FC4B580ED}.Debug|Any CPU.ActiveCfg = Debug|Any CPU
		{FD5BD172-A471-41C8-863E-5D9FC4B580ED}.Debug|Any CPU.Build.0 = Debug|Any CPU
		{FD5BD172-A471-41C8-863E-5D9FC4B580ED}.Release|Any CPU.ActiveCfg = Release|Any CPU
		{FD5BD172-A471-41C8-863E-5D9FC4B580ED}.Release|Any CPU.Build.0 = Release|Any CPU
		{CD0F2AE3-896C-471E-89CC-22E073EFBBEF}.Debug|Any CPU.ActiveCfg = Debug|Any CPU
		{CD0F2AE3-896C-471E-89CC-22E073EFBBEF}.Debug|Any CPU.Build.0 = Debug|Any CPU
		{CD0F2AE3-896C-471E-89CC-22E073EFBBEF}.Release|Any CPU.ActiveCfg = Release|Any CPU
		{CD0F2AE3-896C-471E-89CC-22E073EFBBEF}.Release|Any CPU.Build.0 = Release|Any CPU
		{F4A4CA8A-7955-4044-9CE5-C55316E79D71}.Debug|Any CPU.ActiveCfg = Debug|Any CPU
		{F4A4CA8A-7955-4044-9CE5-C55316E79D71}.Debug|Any CPU.Build.0 = Debug|Any CPU
		{F4A4CA8A-7955-4044-9CE5-C55316E79D71}.Release|Any CPU.ActiveCfg = Release|Any CPU
		{F4A4CA8A-7955-4044-9CE5-C55316E79D71}.Release|Any CPU.Build.0 = Release|Any CPU
		{6316F965-6E5A-4FAC-82A2-040AC997E54E}.Debug|Any CPU.ActiveCfg = Debug|Any CPU
		{6316F965-6E5A-4FAC-82A2-040AC997E54E}.Debug|Any CPU.Build.0 = Debug|Any CPU
		{6316F965-6E5A-4FAC-82A2-040AC997E54E}.Release|Any CPU.ActiveCfg = Release|Any CPU
		{6316F965-6E5A-4FAC-82A2-040AC997E54E}.Release|Any CPU.Build.0 = Release|Any CPU
		{4240B118-2BFE-4199-9E86-97CD7A872F07}.Debug|Any CPU.ActiveCfg = Debug|Any CPU
		{4240B118-2BFE-4199-9E86-97CD7A872F07}.Debug|Any CPU.Build.0 = Debug|Any CPU
		{4240B118-2BFE-4199-9E86-97CD7A872F07}.Release|Any CPU.ActiveCfg = Release|Any CPU
		{4240B118-2BFE-4199-9E86-97CD7A872F07}.Release|Any CPU.Build.0 = Release|Any CPU
		{8E910CC4-4453-4CEA-9CFB-16399F4181E8}.Debug|Any CPU.ActiveCfg = Debug|Any CPU
		{8E910CC4-4453-4CEA-9CFB-16399F4181E8}.Debug|Any CPU.Build.0 = Debug|Any CPU
		{8E910CC4-4453-4CEA-9CFB-16399F4181E8}.Release|Any CPU.ActiveCfg = Release|Any CPU
		{8E910CC4-4453-4CEA-9CFB-16399F4181E8}.Release|Any CPU.Build.0 = Release|Any CPU
		{F0A2A682-7665-4F1F-A945-682CB5190F81}.Debug|Any CPU.ActiveCfg = Debug|Any CPU
		{F0A2A682-7665-4F1F-A945-682CB5190F81}.Debug|Any CPU.Build.0 = Debug|Any CPU
		{F0A2A682-7665-4F1F-A945-682CB5190F81}.Release|Any CPU.ActiveCfg = Release|Any CPU
		{F0A2A682-7665-4F1F-A945-682CB5190F81}.Release|Any CPU.Build.0 = Release|Any CPU
		{60675CAD-7177-47AE-84FA-0AE80F6C4AA8}.Debug|Any CPU.ActiveCfg = Debug|Any CPU
		{60675CAD-7177-47AE-84FA-0AE80F6C4AA8}.Debug|Any CPU.Build.0 = Debug|Any CPU
		{60675CAD-7177-47AE-84FA-0AE80F6C4AA8}.Release|Any CPU.ActiveCfg = Release|Any CPU
		{60675CAD-7177-47AE-84FA-0AE80F6C4AA8}.Release|Any CPU.Build.0 = Release|Any CPU
		{C5393FA3-2461-49BB-93E3-31AEAD1CF9D0}.Debug|Any CPU.ActiveCfg = Debug|Any CPU
		{C5393FA3-2461-49BB-93E3-31AEAD1CF9D0}.Debug|Any CPU.Build.0 = Debug|Any CPU
		{C5393FA3-2461-49BB-93E3-31AEAD1CF9D0}.Release|Any CPU.ActiveCfg = Release|Any CPU
		{C5393FA3-2461-49BB-93E3-31AEAD1CF9D0}.Release|Any CPU.Build.0 = Release|Any CPU
		{84112C99-8E2D-4FD1-9CFD-69FA2207550C}.Debug|Any CPU.ActiveCfg = Debug|Any CPU
		{84112C99-8E2D-4FD1-9CFD-69FA2207550C}.Debug|Any CPU.Build.0 = Debug|Any CPU
		{84112C99-8E2D-4FD1-9CFD-69FA2207550C}.Release|Any CPU.ActiveCfg = Release|Any CPU
		{84112C99-8E2D-4FD1-9CFD-69FA2207550C}.Release|Any CPU.Build.0 = Release|Any CPU
		{9E685792-E75F-4E27-A8A6-EC55F1AA83DB}.Debug|Any CPU.ActiveCfg = Debug|Any CPU
		{9E685792-E75F-4E27-A8A6-EC55F1AA83DB}.Debug|Any CPU.Build.0 = Debug|Any CPU
		{9E685792-E75F-4E27-A8A6-EC55F1AA83DB}.Release|Any CPU.ActiveCfg = Release|Any CPU
		{9E685792-E75F-4E27-A8A6-EC55F1AA83DB}.Release|Any CPU.Build.0 = Release|Any CPU
		{E64767FE-2BCC-4401-9766-88BE03186CE3}.Debug|Any CPU.ActiveCfg = Debug|Any CPU
		{E64767FE-2BCC-4401-9766-88BE03186CE3}.Debug|Any CPU.Build.0 = Debug|Any CPU
		{E64767FE-2BCC-4401-9766-88BE03186CE3}.Release|Any CPU.ActiveCfg = Release|Any CPU
		{E64767FE-2BCC-4401-9766-88BE03186CE3}.Release|Any CPU.Build.0 = Release|Any CPU
		{B8761154-487B-4712-BFE0-E3B90645EA3F}.Debug|Any CPU.ActiveCfg = Debug|Any CPU
		{B8761154-487B-4712-BFE0-E3B90645EA3F}.Debug|Any CPU.Build.0 = Debug|Any CPU
		{B8761154-487B-4712-BFE0-E3B90645EA3F}.Release|Any CPU.ActiveCfg = Release|Any CPU
		{B8761154-487B-4712-BFE0-E3B90645EA3F}.Release|Any CPU.Build.0 = Release|Any CPU
		{B982F2C1-8C4A-46ED-8500-6DC0324196F9}.Debug|Any CPU.ActiveCfg = Debug|Any CPU
		{B982F2C1-8C4A-46ED-8500-6DC0324196F9}.Debug|Any CPU.Build.0 = Debug|Any CPU
		{B982F2C1-8C4A-46ED-8500-6DC0324196F9}.Release|Any CPU.ActiveCfg = Release|Any CPU
		{B982F2C1-8C4A-46ED-8500-6DC0324196F9}.Release|Any CPU.Build.0 = Release|Any CPU
		{ED494E52-FCAC-48C8-A4D8-1E8C53DF2A16}.Debug|Any CPU.ActiveCfg = Debug|Any CPU
		{ED494E52-FCAC-48C8-A4D8-1E8C53DF2A16}.Debug|Any CPU.Build.0 = Debug|Any CPU
		{ED494E52-FCAC-48C8-A4D8-1E8C53DF2A16}.Release|Any CPU.ActiveCfg = Release|Any CPU
		{ED494E52-FCAC-48C8-A4D8-1E8C53DF2A16}.Release|Any CPU.Build.0 = Release|Any CPU
		{D4220643-B603-45C9-B12F-4DC115CE9C4F}.Debug|Any CPU.ActiveCfg = Debug|Any CPU
		{D4220643-B603-45C9-B12F-4DC115CE9C4F}.Debug|Any CPU.Build.0 = Debug|Any CPU
		{D4220643-B603-45C9-B12F-4DC115CE9C4F}.Release|Any CPU.ActiveCfg = Release|Any CPU
		{D4220643-B603-45C9-B12F-4DC115CE9C4F}.Release|Any CPU.Build.0 = Release|Any CPU
		{E5B41F04-B412-4D39-9913-8BBA42148A47}.Debug|Any CPU.ActiveCfg = Debug|Any CPU
		{E5B41F04-B412-4D39-9913-8BBA42148A47}.Debug|Any CPU.Build.0 = Debug|Any CPU
		{E5B41F04-B412-4D39-9913-8BBA42148A47}.Release|Any CPU.ActiveCfg = Release|Any CPU
		{E5B41F04-B412-4D39-9913-8BBA42148A47}.Release|Any CPU.Build.0 = Release|Any CPU
		{C156416C-CAD2-4749-9B8B-280F1971C3CA}.Debug|Any CPU.ActiveCfg = Debug|Any CPU
		{C156416C-CAD2-4749-9B8B-280F1971C3CA}.Debug|Any CPU.Build.0 = Debug|Any CPU
		{C156416C-CAD2-4749-9B8B-280F1971C3CA}.Release|Any CPU.ActiveCfg = Release|Any CPU
		{C156416C-CAD2-4749-9B8B-280F1971C3CA}.Release|Any CPU.Build.0 = Release|Any CPU
		{6FC71773-E88A-42A4-8F5E-2286AC1FCFC5}.Debug|Any CPU.ActiveCfg = Debug|Any CPU
		{6FC71773-E88A-42A4-8F5E-2286AC1FCFC5}.Debug|Any CPU.Build.0 = Debug|Any CPU
		{6FC71773-E88A-42A4-8F5E-2286AC1FCFC5}.Release|Any CPU.ActiveCfg = Release|Any CPU
		{6FC71773-E88A-42A4-8F5E-2286AC1FCFC5}.Release|Any CPU.Build.0 = Release|Any CPU
		{BBDD674A-ED37-4D80-A08E-E91AC285EE3E}.Debug|Any CPU.ActiveCfg = Debug|Any CPU
		{BBDD674A-ED37-4D80-A08E-E91AC285EE3E}.Debug|Any CPU.Build.0 = Debug|Any CPU
		{BBDD674A-ED37-4D80-A08E-E91AC285EE3E}.Release|Any CPU.ActiveCfg = Release|Any CPU
		{BBDD674A-ED37-4D80-A08E-E91AC285EE3E}.Release|Any CPU.Build.0 = Release|Any CPU
		{C68E41D9-31ED-484C-84EC-EB48D37C8C3A}.Debug|Any CPU.ActiveCfg = Debug|Any CPU
		{C68E41D9-31ED-484C-84EC-EB48D37C8C3A}.Debug|Any CPU.Build.0 = Debug|Any CPU
		{C68E41D9-31ED-484C-84EC-EB48D37C8C3A}.Release|Any CPU.ActiveCfg = Release|Any CPU
		{C68E41D9-31ED-484C-84EC-EB48D37C8C3A}.Release|Any CPU.Build.0 = Release|Any CPU
		{0F8F8664-DA54-4B0A-B268-104FC3867891}.Debug|Any CPU.ActiveCfg = Debug|Any CPU
		{0F8F8664-DA54-4B0A-B268-104FC3867891}.Debug|Any CPU.Build.0 = Debug|Any CPU
		{0F8F8664-DA54-4B0A-B268-104FC3867891}.Release|Any CPU.ActiveCfg = Release|Any CPU
		{0F8F8664-DA54-4B0A-B268-104FC3867891}.Release|Any CPU.Build.0 = Release|Any CPU
		{229E9CBC-7B78-4BBE-97FD-551453B450D3}.Debug|Any CPU.ActiveCfg = Debug|Any CPU
		{229E9CBC-7B78-4BBE-97FD-551453B450D3}.Debug|Any CPU.Build.0 = Debug|Any CPU
		{229E9CBC-7B78-4BBE-97FD-551453B450D3}.Release|Any CPU.ActiveCfg = Release|Any CPU
		{229E9CBC-7B78-4BBE-97FD-551453B450D3}.Release|Any CPU.Build.0 = Release|Any CPU
		{DC17A0EC-6031-464C-B8CB-5411A06A4C96}.Debug|Any CPU.ActiveCfg = Debug|Any CPU
		{DC17A0EC-6031-464C-B8CB-5411A06A4C96}.Debug|Any CPU.Build.0 = Debug|Any CPU
		{DC17A0EC-6031-464C-B8CB-5411A06A4C96}.Release|Any CPU.ActiveCfg = Release|Any CPU
		{DC17A0EC-6031-464C-B8CB-5411A06A4C96}.Release|Any CPU.Build.0 = Release|Any CPU
		{16BE28F0-48FC-4099-9605-A55A7E78AE41}.Debug|Any CPU.ActiveCfg = Debug|Any CPU
		{16BE28F0-48FC-4099-9605-A55A7E78AE41}.Debug|Any CPU.Build.0 = Debug|Any CPU
		{16BE28F0-48FC-4099-9605-A55A7E78AE41}.Release|Any CPU.ActiveCfg = Release|Any CPU
		{16BE28F0-48FC-4099-9605-A55A7E78AE41}.Release|Any CPU.Build.0 = Release|Any CPU
		{D22D74D4-C124-4EFC-BD3D-6397811F9864}.Debug|Any CPU.ActiveCfg = Debug|Any CPU
		{D22D74D4-C124-4EFC-BD3D-6397811F9864}.Debug|Any CPU.Build.0 = Debug|Any CPU
		{D22D74D4-C124-4EFC-BD3D-6397811F9864}.Release|Any CPU.ActiveCfg = Release|Any CPU
		{D22D74D4-C124-4EFC-BD3D-6397811F9864}.Release|Any CPU.Build.0 = Release|Any CPU
		{288EB56C-33CC-446B-BD2F-06DB254F2DFE}.Debug|Any CPU.ActiveCfg = Debug|Any CPU
		{288EB56C-33CC-446B-BD2F-06DB254F2DFE}.Debug|Any CPU.Build.0 = Debug|Any CPU
		{288EB56C-33CC-446B-BD2F-06DB254F2DFE}.Release|Any CPU.ActiveCfg = Release|Any CPU
		{288EB56C-33CC-446B-BD2F-06DB254F2DFE}.Release|Any CPU.Build.0 = Release|Any CPU
		{EB58221F-913E-46A7-8CAC-7ADE35F7EF4D}.Debug|Any CPU.ActiveCfg = Debug|Any CPU
		{EB58221F-913E-46A7-8CAC-7ADE35F7EF4D}.Debug|Any CPU.Build.0 = Debug|Any CPU
		{EB58221F-913E-46A7-8CAC-7ADE35F7EF4D}.Release|Any CPU.ActiveCfg = Release|Any CPU
		{EB58221F-913E-46A7-8CAC-7ADE35F7EF4D}.Release|Any CPU.Build.0 = Release|Any CPU
		{97A24B78-740C-48AD-81D2-A317EFBD051C}.Debug|Any CPU.ActiveCfg = Debug|Any CPU
		{97A24B78-740C-48AD-81D2-A317EFBD051C}.Debug|Any CPU.Build.0 = Debug|Any CPU
		{97A24B78-740C-48AD-81D2-A317EFBD051C}.Release|Any CPU.ActiveCfg = Release|Any CPU
		{97A24B78-740C-48AD-81D2-A317EFBD051C}.Release|Any CPU.Build.0 = Release|Any CPU
		{EFA7B4A9-120C-470D-B0ED-758C752F984A}.Debug|Any CPU.ActiveCfg = Debug|Any CPU
		{EFA7B4A9-120C-470D-B0ED-758C752F984A}.Debug|Any CPU.Build.0 = Debug|Any CPU
		{EFA7B4A9-120C-470D-B0ED-758C752F984A}.Release|Any CPU.ActiveCfg = Release|Any CPU
		{EFA7B4A9-120C-470D-B0ED-758C752F984A}.Release|Any CPU.Build.0 = Release|Any CPU
		{E89E9974-8DC0-4205-B47B-9AA3C60F1B92}.Debug|Any CPU.ActiveCfg = Debug|Any CPU
		{E89E9974-8DC0-4205-B47B-9AA3C60F1B92}.Debug|Any CPU.Build.0 = Debug|Any CPU
		{E89E9974-8DC0-4205-B47B-9AA3C60F1B92}.Release|Any CPU.ActiveCfg = Release|Any CPU
		{E89E9974-8DC0-4205-B47B-9AA3C60F1B92}.Release|Any CPU.Build.0 = Release|Any CPU
		{AD6AB41D-B566-45B6-ABE9-4AD3EE0EAA50}.Debug|Any CPU.ActiveCfg = Debug|Any CPU
		{AD6AB41D-B566-45B6-ABE9-4AD3EE0EAA50}.Debug|Any CPU.Build.0 = Debug|Any CPU
		{AD6AB41D-B566-45B6-ABE9-4AD3EE0EAA50}.Release|Any CPU.ActiveCfg = Release|Any CPU
		{AD6AB41D-B566-45B6-ABE9-4AD3EE0EAA50}.Release|Any CPU.Build.0 = Release|Any CPU
		{5C6D317D-2C73-4865-AE93-C46D83114F1E}.Debug|Any CPU.ActiveCfg = Debug|Any CPU
		{5C6D317D-2C73-4865-AE93-C46D83114F1E}.Debug|Any CPU.Build.0 = Debug|Any CPU
		{5C6D317D-2C73-4865-AE93-C46D83114F1E}.Release|Any CPU.ActiveCfg = Release|Any CPU
		{5C6D317D-2C73-4865-AE93-C46D83114F1E}.Release|Any CPU.Build.0 = Release|Any CPU
		{ACFEE41E-306B-41B8-A14B-EE9D3926B0DA}.Debug|Any CPU.ActiveCfg = Debug|Any CPU
		{ACFEE41E-306B-41B8-A14B-EE9D3926B0DA}.Debug|Any CPU.Build.0 = Debug|Any CPU
		{ACFEE41E-306B-41B8-A14B-EE9D3926B0DA}.Release|Any CPU.ActiveCfg = Release|Any CPU
		{ACFEE41E-306B-41B8-A14B-EE9D3926B0DA}.Release|Any CPU.Build.0 = Release|Any CPU
		{DFAA80D2-02F1-48FB-85E9-890CB3D20661}.Debug|Any CPU.ActiveCfg = Debug|Any CPU
		{DFAA80D2-02F1-48FB-85E9-890CB3D20661}.Debug|Any CPU.Build.0 = Debug|Any CPU
		{DFAA80D2-02F1-48FB-85E9-890CB3D20661}.Release|Any CPU.ActiveCfg = Release|Any CPU
		{DFAA80D2-02F1-48FB-85E9-890CB3D20661}.Release|Any CPU.Build.0 = Release|Any CPU
		{C4052A9C-A504-4CE6-9A73-19DAEC6E4970}.Debug|Any CPU.ActiveCfg = Debug|Any CPU
		{C4052A9C-A504-4CE6-9A73-19DAEC6E4970}.Debug|Any CPU.Build.0 = Debug|Any CPU
		{C4052A9C-A504-4CE6-9A73-19DAEC6E4970}.Release|Any CPU.ActiveCfg = Release|Any CPU
		{C4052A9C-A504-4CE6-9A73-19DAEC6E4970}.Release|Any CPU.Build.0 = Release|Any CPU
		{67AB3A1B-D9D5-4789-86E8-028B3CE8F2F5}.Debug|Any CPU.ActiveCfg = Debug|Any CPU
		{67AB3A1B-D9D5-4789-86E8-028B3CE8F2F5}.Debug|Any CPU.Build.0 = Debug|Any CPU
		{67AB3A1B-D9D5-4789-86E8-028B3CE8F2F5}.Release|Any CPU.ActiveCfg = Release|Any CPU
		{67AB3A1B-D9D5-4789-86E8-028B3CE8F2F5}.Release|Any CPU.Build.0 = Release|Any CPU
		{72F9790F-BB0A-40C0-98E2-14F22B5A868F}.Debug|Any CPU.ActiveCfg = Debug|Any CPU
		{72F9790F-BB0A-40C0-98E2-14F22B5A868F}.Debug|Any CPU.Build.0 = Debug|Any CPU
		{72F9790F-BB0A-40C0-98E2-14F22B5A868F}.Release|Any CPU.ActiveCfg = Release|Any CPU
		{72F9790F-BB0A-40C0-98E2-14F22B5A868F}.Release|Any CPU.Build.0 = Release|Any CPU
		{0087223E-94A2-40FF-8DA2-0F40690EBF59}.Debug|Any CPU.ActiveCfg = Debug|Any CPU
		{0087223E-94A2-40FF-8DA2-0F40690EBF59}.Debug|Any CPU.Build.0 = Debug|Any CPU
		{0087223E-94A2-40FF-8DA2-0F40690EBF59}.Release|Any CPU.ActiveCfg = Release|Any CPU
		{0087223E-94A2-40FF-8DA2-0F40690EBF59}.Release|Any CPU.Build.0 = Release|Any CPU
		{7F9CB3EB-3673-49A5-AA8F-8F1654913BEF}.Debug|Any CPU.ActiveCfg = Debug|Any CPU
		{7F9CB3EB-3673-49A5-AA8F-8F1654913BEF}.Debug|Any CPU.Build.0 = Debug|Any CPU
		{7F9CB3EB-3673-49A5-AA8F-8F1654913BEF}.Release|Any CPU.ActiveCfg = Release|Any CPU
		{7F9CB3EB-3673-49A5-AA8F-8F1654913BEF}.Release|Any CPU.Build.0 = Release|Any CPU
		{8C5517C4-BCD8-4A39-BC61-55AC8EF6E59F}.Debug|Any CPU.ActiveCfg = Debug|Any CPU
		{8C5517C4-BCD8-4A39-BC61-55AC8EF6E59F}.Debug|Any CPU.Build.0 = Debug|Any CPU
		{8C5517C4-BCD8-4A39-BC61-55AC8EF6E59F}.Release|Any CPU.ActiveCfg = Release|Any CPU
		{8C5517C4-BCD8-4A39-BC61-55AC8EF6E59F}.Release|Any CPU.Build.0 = Release|Any CPU
		{35DED3E3-7FBA-4FD2-9F06-1E2DF96111B2}.Debug|Any CPU.ActiveCfg = Debug|Any CPU
		{35DED3E3-7FBA-4FD2-9F06-1E2DF96111B2}.Debug|Any CPU.Build.0 = Debug|Any CPU
		{35DED3E3-7FBA-4FD2-9F06-1E2DF96111B2}.Release|Any CPU.ActiveCfg = Release|Any CPU
		{35DED3E3-7FBA-4FD2-9F06-1E2DF96111B2}.Release|Any CPU.Build.0 = Release|Any CPU
		{42BA4B4B-3B42-4B76-8C3F-B8B296CDDBEC}.Debug|Any CPU.ActiveCfg = Debug|Any CPU
		{42BA4B4B-3B42-4B76-8C3F-B8B296CDDBEC}.Debug|Any CPU.Build.0 = Debug|Any CPU
		{42BA4B4B-3B42-4B76-8C3F-B8B296CDDBEC}.Release|Any CPU.ActiveCfg = Release|Any CPU
		{42BA4B4B-3B42-4B76-8C3F-B8B296CDDBEC}.Release|Any CPU.Build.0 = Release|Any CPU
		{C6C5F804-4E39-4A8E-924E-9379F5C40198}.Debug|Any CPU.ActiveCfg = Debug|Any CPU
		{C6C5F804-4E39-4A8E-924E-9379F5C40198}.Debug|Any CPU.Build.0 = Debug|Any CPU
		{C6C5F804-4E39-4A8E-924E-9379F5C40198}.Release|Any CPU.ActiveCfg = Release|Any CPU
		{C6C5F804-4E39-4A8E-924E-9379F5C40198}.Release|Any CPU.Build.0 = Release|Any CPU
		{37CC64F6-FC35-412A-B49A-DCE4DCBC0902}.Debug|Any CPU.ActiveCfg = Debug|Any CPU
		{37CC64F6-FC35-412A-B49A-DCE4DCBC0902}.Debug|Any CPU.Build.0 = Debug|Any CPU
		{37CC64F6-FC35-412A-B49A-DCE4DCBC0902}.Release|Any CPU.ActiveCfg = Release|Any CPU
		{37CC64F6-FC35-412A-B49A-DCE4DCBC0902}.Release|Any CPU.Build.0 = Release|Any CPU
		{8C1639A0-6CB4-454A-BADF-63EF3F35CFE3}.Debug|Any CPU.ActiveCfg = Debug|Any CPU
		{8C1639A0-6CB4-454A-BADF-63EF3F35CFE3}.Debug|Any CPU.Build.0 = Debug|Any CPU
		{8C1639A0-6CB4-454A-BADF-63EF3F35CFE3}.Release|Any CPU.ActiveCfg = Release|Any CPU
		{8C1639A0-6CB4-454A-BADF-63EF3F35CFE3}.Release|Any CPU.Build.0 = Release|Any CPU
		{A8C089FF-E120-49CB-9669-62FAEB13C3E8}.Debug|Any CPU.ActiveCfg = Debug|Any CPU
		{A8C089FF-E120-49CB-9669-62FAEB13C3E8}.Debug|Any CPU.Build.0 = Debug|Any CPU
		{A8C089FF-E120-49CB-9669-62FAEB13C3E8}.Release|Any CPU.ActiveCfg = Release|Any CPU
		{A8C089FF-E120-49CB-9669-62FAEB13C3E8}.Release|Any CPU.Build.0 = Release|Any CPU
		{25CFCD43-50EA-4B2F-8B1C-E21134076C0C}.Debug|Any CPU.ActiveCfg = Debug|Any CPU
		{25CFCD43-50EA-4B2F-8B1C-E21134076C0C}.Debug|Any CPU.Build.0 = Debug|Any CPU
		{25CFCD43-50EA-4B2F-8B1C-E21134076C0C}.Release|Any CPU.ActiveCfg = Release|Any CPU
		{25CFCD43-50EA-4B2F-8B1C-E21134076C0C}.Release|Any CPU.Build.0 = Release|Any CPU
		{64510430-2B51-43A0-BE48-ADABCA10B5FB}.Debug|Any CPU.ActiveCfg = Debug|Any CPU
		{64510430-2B51-43A0-BE48-ADABCA10B5FB}.Debug|Any CPU.Build.0 = Debug|Any CPU
		{64510430-2B51-43A0-BE48-ADABCA10B5FB}.Release|Any CPU.ActiveCfg = Release|Any CPU
		{64510430-2B51-43A0-BE48-ADABCA10B5FB}.Release|Any CPU.Build.0 = Release|Any CPU
		{26EA09A9-3C0C-49CF-8B73-3B51BFD4A058}.Debug|Any CPU.ActiveCfg = Debug|Any CPU
		{26EA09A9-3C0C-49CF-8B73-3B51BFD4A058}.Debug|Any CPU.Build.0 = Debug|Any CPU
		{26EA09A9-3C0C-49CF-8B73-3B51BFD4A058}.Release|Any CPU.ActiveCfg = Release|Any CPU
		{26EA09A9-3C0C-49CF-8B73-3B51BFD4A058}.Release|Any CPU.Build.0 = Release|Any CPU
		{5E4E07A4-25F3-498D-BD71-99369F96A22C}.Debug|Any CPU.ActiveCfg = Debug|Any CPU
		{5E4E07A4-25F3-498D-BD71-99369F96A22C}.Debug|Any CPU.Build.0 = Debug|Any CPU
		{5E4E07A4-25F3-498D-BD71-99369F96A22C}.Release|Any CPU.ActiveCfg = Release|Any CPU
		{5E4E07A4-25F3-498D-BD71-99369F96A22C}.Release|Any CPU.Build.0 = Release|Any CPU
		{7BDEEE84-5BC3-4363-A23B-68896FBD605B}.Debug|Any CPU.ActiveCfg = Debug|Any CPU
		{7BDEEE84-5BC3-4363-A23B-68896FBD605B}.Debug|Any CPU.Build.0 = Debug|Any CPU
		{7BDEEE84-5BC3-4363-A23B-68896FBD605B}.Release|Any CPU.ActiveCfg = Release|Any CPU
		{7BDEEE84-5BC3-4363-A23B-68896FBD605B}.Release|Any CPU.Build.0 = Release|Any CPU
		{3537AFDF-4D0C-43FA-B455-13DE22E532BC}.Debug|Any CPU.ActiveCfg = Debug|Any CPU
		{3537AFDF-4D0C-43FA-B455-13DE22E532BC}.Debug|Any CPU.Build.0 = Debug|Any CPU
		{3537AFDF-4D0C-43FA-B455-13DE22E532BC}.Release|Any CPU.ActiveCfg = Release|Any CPU
		{3537AFDF-4D0C-43FA-B455-13DE22E532BC}.Release|Any CPU.Build.0 = Release|Any CPU
		{E8AE8054-A824-49AF-9980-6ACA6E9ADFB9}.Debug|Any CPU.ActiveCfg = Debug|Any CPU
		{E8AE8054-A824-49AF-9980-6ACA6E9ADFB9}.Debug|Any CPU.Build.0 = Debug|Any CPU
		{E8AE8054-A824-49AF-9980-6ACA6E9ADFB9}.Release|Any CPU.ActiveCfg = Release|Any CPU
		{E8AE8054-A824-49AF-9980-6ACA6E9ADFB9}.Release|Any CPU.Build.0 = Release|Any CPU
		{F426409D-5FDA-40F7-925F-E72CECD4CF1E}.Debug|Any CPU.ActiveCfg = Debug|Any CPU
		{F426409D-5FDA-40F7-925F-E72CECD4CF1E}.Debug|Any CPU.Build.0 = Debug|Any CPU
		{F426409D-5FDA-40F7-925F-E72CECD4CF1E}.Release|Any CPU.ActiveCfg = Release|Any CPU
		{F426409D-5FDA-40F7-925F-E72CECD4CF1E}.Release|Any CPU.Build.0 = Release|Any CPU
		{6364C0C5-28E3-4131-97E2-FCFE73E072B3}.Debug|Any CPU.ActiveCfg = Debug|Any CPU
		{6364C0C5-28E3-4131-97E2-FCFE73E072B3}.Debug|Any CPU.Build.0 = Debug|Any CPU
		{6364C0C5-28E3-4131-97E2-FCFE73E072B3}.Release|Any CPU.ActiveCfg = Release|Any CPU
		{6364C0C5-28E3-4131-97E2-FCFE73E072B3}.Release|Any CPU.Build.0 = Release|Any CPU
		{BE0E4244-CF77-47D4-893A-E0FD978E0826}.Debug|Any CPU.ActiveCfg = Debug|Any CPU
		{BE0E4244-CF77-47D4-893A-E0FD978E0826}.Debug|Any CPU.Build.0 = Debug|Any CPU
		{BE0E4244-CF77-47D4-893A-E0FD978E0826}.Release|Any CPU.ActiveCfg = Release|Any CPU
		{BE0E4244-CF77-47D4-893A-E0FD978E0826}.Release|Any CPU.Build.0 = Release|Any CPU
		{86CB6976-0C16-42D5-A7FB-270C70662C8D}.Debug|Any CPU.ActiveCfg = Debug|Any CPU
		{86CB6976-0C16-42D5-A7FB-270C70662C8D}.Debug|Any CPU.Build.0 = Debug|Any CPU
		{86CB6976-0C16-42D5-A7FB-270C70662C8D}.Release|Any CPU.ActiveCfg = Release|Any CPU
		{86CB6976-0C16-42D5-A7FB-270C70662C8D}.Release|Any CPU.Build.0 = Release|Any CPU
		{2B7711EC-6249-4B4F-ACD7-653999887547}.Debug|Any CPU.ActiveCfg = Debug|Any CPU
		{2B7711EC-6249-4B4F-ACD7-653999887547}.Debug|Any CPU.Build.0 = Debug|Any CPU
		{2B7711EC-6249-4B4F-ACD7-653999887547}.Release|Any CPU.ActiveCfg = Release|Any CPU
		{2B7711EC-6249-4B4F-ACD7-653999887547}.Release|Any CPU.Build.0 = Release|Any CPU
	EndGlobalSection
	GlobalSection(SolutionProperties) = preSolution
		HideSolutionNode = FALSE
	EndGlobalSection
	GlobalSection(ExtensibilityGlobals) = postSolution
		SolutionGuid = {3DAF008A-341E-4855-8549-69BB586FD0D1}
	EndGlobalSection
EndGlobal
